
Microsoft Visual Studio Solution File, Format Version 12.00
# Visual Studio Version 17
VisualStudioVersion = 17.8.34330.188
MinimumVisualStudioVersion = 10.0.40219.1
Project("{FAE04EC0-301F-11D3-BF4B-00C04F79EFBC}") = "task1", "task1\task1.csproj", "{F97ADEAB-015D-47C7-9BAF-1DC9BD1623DF}"
EndProject
Global
	GlobalSection(SolutionConfigurationPlatforms) = preSolution
		Debug|Any CPU = Debug|Any CPU
		Release|Any CPU = Release|Any CPU
	EndGlobalSection
	GlobalSection(ProjectConfigurationPlatforms) = postSolution
		{F97ADEAB-015D-47C7-9BAF-1DC9BD1623DF}.Debug|Any CPU.ActiveCfg = Debug|Any CPU
		{F97ADEAB-015D-47C7-9BAF-1DC9BD1623DF}.Debug|Any CPU.Build.0 = Debug|Any CPU
		{F97ADEAB-015D-47C7-9BAF-1DC9BD1623DF}.Release|Any CPU.ActiveCfg = Release|Any CPU
		{F97ADEAB-015D-47C7-9BAF-1DC9BD1623DF}.Release|Any CPU.Build.0 = Release|Any CPU
	EndGlobalSection
	GlobalSection(SolutionProperties) = preSolution
		HideSolutionNode = FALSE
	EndGlobalSection
	GlobalSection(ExtensibilityGlobals) = postSolution
		SolutionGuid = {488AB266-F4D3-44DE-8C71-EE897F13FCA0}
	EndGlobalSection
EndGlobal
